uuid: a9667381-3cbe-4b01-94d8-19260ad72553
langcode: en
status: true
dependencies:
  module:
    - county_blocks
    - ctools
  theme:
    - provus
id: sociallinksblock
theme: provus
region: content
weight: 0
provider: null
plugin: social_links_block
settings:
  id: social_links_block
  label: 'Social links block'
  provider: county_blocks
  label_display: '0'
visibility:
  'entity_bundle:node':
    id: 'entity_bundle:node'
    bundles:
      county_article: county_article
      county_page: county_page
      event: event
      faq: faq
    negate: false
    context_mapping:
      node: '@node.node_route_context:node'
