uuid: cff7e4a1-38a5-4652-ae39-f51f5778b059
langcode: en
status: true
dependencies:
  module:
    - socialfeed
  theme:
    - provus
id: twitterblock
theme: provus
region: content
weight: -2
provider: null
plugin: twitter_post_block
settings:
  id: twitter_post_block
  label: 'Twitter Block'
  provider: socialfeed
  label_display: visible
  override: 0
  consumer_key: 8WyFkWBYsI2YnoZ3rnlE1Weso
  consumer_secret: xCZOvPQmixP4z0zLsiwXpD3aWCxuOfgBKAlrbsLbJRF5OMRJm0
  access_token: 1004107457961119744-idIOxj2FoB1v433bVp2vJOuXHSlgZS
  access_token_secret: uiAYuim3aatY3WixbeSX1EDV2EdNOounfoKwqCSTyflPR
  tweets_count: '3'
visibility: {  }
